
Microsoft Visual Studio Solution File, Format Version 12.00
# Visual Studio 15
Project("{FAE04EC0-301F-11D3-BF4B-00C04F79EFBC}") = "Assembly-CSharp", "Assembly-CSharp.csproj", "{C2200B50-69C1-D048-0000-015C140CF5D1}"
EndProject
Project("{FAE04EC0-301F-11D3-BF4B-00C04F79EFBC}") = "Assembly-CSharp-firstpass", "Assembly-CSharp-firstpass.csproj", "{68BF8B23-967F-72E9-0E3F-19900BF80535}"
EndProject
Project("{FAE04EC0-301F-11D3-BF4B-00C04F79EFBC}") = "Assembly-CSharp-Editor-firstpass", "Assembly-CSharp-Editor-firstpass.csproj", "{A78385C2-DCBD-7256-1B11-457C3911DD10}"
EndProject
Global
	GlobalSection(SolutionConfigurationPlatforms) = preSolution
		Debug|Any CPU = Debug|Any CPU
		Release|Any CPU = Release|Any CPU
	EndGlobalSection
	GlobalSection(ProjectConfigurationPlatforms) = postSolution
		{C2200B50-69C1-D048-0000-015C140CF5D1}.Debug|Any CPU.ActiveCfg = Debug|Any CPU
		{C2200B50-69C1-D048-0000-015C140CF5D1}.Debug|Any CPU.Build.0 = Debug|Any CPU
		{C2200B50-69C1-D048-0000-015C140CF5D1}.Release|Any CPU.ActiveCfg = Release|Any CPU
		{C2200B50-69C1-D048-0000-015C140CF5D1}.Release|Any CPU.Build.0 = Release|Any CPU
		{68BF8B23-967F-72E9-0E3F-19900BF80535}.Debug|Any CPU.ActiveCfg = Debug|Any CPU
		{68BF8B23-967F-72E9-0E3F-19900BF80535}.Debug|Any CPU.Build.0 = Debug|Any CPU
		{68BF8B23-967F-72E9-0E3F-19900BF80535}.Release|Any CPU.ActiveCfg = Release|Any CPU
		{68BF8B23-967F-72E9-0E3F-19900BF80535}.Release|Any CPU.Build.0 = Release|Any CPU
		{A78385C2-DCBD-7256-1B11-457C3911DD10}.Debug|Any CPU.ActiveCfg = Debug|Any CPU
		{A78385C2-DCBD-7256-1B11-457C3911DD10}.Debug|Any CPU.Build.0 = Debug|Any CPU
		{A78385C2-DCBD-7256-1B11-457C3911DD10}.Release|Any CPU.ActiveCfg = Release|Any CPU
		{A78385C2-DCBD-7256-1B11-457C3911DD10}.Release|Any CPU.Build.0 = Release|Any CPU
	EndGlobalSection
	GlobalSection(SolutionProperties) = preSolution
		HideSolutionNode = FALSE
	EndGlobalSection
EndGlobal
